
Microsoft Visual Studio Solution File, Format Version 12.00
# Visual Studio Version 16
VisualStudioVersion = 16.0.31515.178
MinimumVisualStudioVersion = 10.0.40219.1
Project("{FAE04EC0-301F-11D3-BF4B-00C04F79EFBC}") = "MessagingApp.API", "MessagingApp.API\MessagingApp.API.csproj", "{B9BD3E78-08D8-420D-B262-A64B351C9DD5}"
EndProject
Global
	GlobalSection(SolutionConfigurationPlatforms) = preSolution
		Debug|Any CPU = Debug|Any CPU
		Release|Any CPU = Release|Any CPU
	EndGlobalSection
	GlobalSection(ProjectConfigurationPlatforms) = postSolution
		{B9BD3E78-08D8-420D-B262-A64B351C9DD5}.Debug|Any CPU.ActiveCfg = Debug|Any CPU
		{B9BD3E78-08D8-420D-B262-A64B351C9DD5}.Debug|Any CPU.Build.0 = Debug|Any CPU
		{B9BD3E78-08D8-420D-B262-A64B351C9DD5}.Release|Any CPU.ActiveCfg = Release|Any CPU
		{B9BD3E78-08D8-420D-B262-A64B351C9DD5}.Release|Any CPU.Build.0 = Release|Any CPU
	EndGlobalSection
	GlobalSection(SolutionProperties) = preSolution
		HideSolutionNode = FALSE
	EndGlobalSection
	GlobalSection(ExtensibilityGlobals) = postSolution
		SolutionGuid = {D4E2C919-C247-4DCE-91EB-4934C8319346}
	EndGlobalSection
EndGlobal
